Microsoft Visual Studio Solution File, Format Version 12.00
# Visual Studio Version 17
VisualStudioVersion = 17.0.31903.59
MinimumVisualStudioVersion = 10.0.40219.1
Project("{FAE04EC0-301F-11D3-BF4B-00C04F79EFBC}") = "AirTun.Core", "AirTun.Core\AirTun.Core.csproj", "{32BB285B-FDEE-4545-983C-113220A6BEE4}"
EndProject
Project("{FAE04EC0-301F-11D3-BF4B-00C04F79EFBC}") = "AirTun.App", "AirTun.App\AirTun.App.csproj", "{BE4D2D0C-6C64-44DF-A0B8-BCFE9F9A5D6E}"
EndProject
Project("{FAE04EC0-301F-11D3-BF4B-00C04F79EFBC}") = "AirTun.App.Tests", "AirTun.App.Tests\AirTun.App.Tests.csproj", "{4DFB5D70-F65D-4158-9A74-1296DFB902A3}"
EndProject
Global
	GlobalSection(SolutionConfigurationPlatforms) = preSolution
		Debug|Any CPU = Debug|Any CPU
		Release|Any CPU = Release|Any CPU
	EndGlobalSection
	GlobalSection(ProjectConfigurationPlatforms) = postSolution
		{32BB285B-FDEE-4545-983C-113220A6BEE4}.Debug|Any CPU.ActiveCfg = Debug|Any CPU
		{32BB285B-FDEE-4545-983C-113220A6BEE4}.Debug|Any CPU.Build.0 = Debug|Any CPU
		{32BB285B-FDEE-4545-983C-113220A6BEE4}.Release|Any CPU.ActiveCfg = Release|Any CPU
		{32BB285B-FDEE-4545-983C-113220A6BEE4}.Release|Any CPU.Build.0 = Release|Any CPU
		{BE4D2D0C-6C64-44DF-A0B8-BCFE9F9A5D6E}.Debug|Any CPU.ActiveCfg = Debug|Any CPU
		{BE4D2D0C-6C64-44DF-A0B8-BCFE9F9A5D6E}.Debug|Any CPU.Build.0 = Debug|Any CPU
		{BE4D2D0C-6C64-44DF-A0B8-BCFE9F9A5D6E}.Release|Any CPU.ActiveCfg = Release|Any CPU
		{BE4D2D0C-6C64-44DF-A0B8-BCFE9F9A5D6E}.Release|Any CPU.Build.0 = Release|Any CPU
		{4DFB5D70-F65D-4158-9A74-1296DFB902A3}.Debug|Any CPU.ActiveCfg = Debug|Any CPU
		{4DFB5D70-F65D-4158-9A74-1296DFB902A3}.Debug|Any CPU.Build.0 = Debug|Any CPU
		{4DFB5D70-F65D-4158-9A74-1296DFB902A3}.Release|Any CPU.ActiveCfg = Release|Any CPU
		{4DFB5D70-F65D-4158-9A74-1296DFB902A3}.Release|Any CPU.Build.0 = Release|Any CPU
	EndGlobalSection
EndGlobal
